// !$*UTF8*$!
{
	archiveVersion = 1;
	classes = {
	};
	objectVersion = 56;
	objects = {

/* Begin PBXBuildFile section */
		6A0DDEC22BD1C99800590D35 /* LogInView.swift in Sources */ = {isa = PBXBuildFile; fileRef = 6A0DDEC12BD1C99800590D35 /* LogInView.swift */; };
		6AEC385D2BD1C36E0070C261 /* ParkiUDLAPApp.swift in Sources */ = {isa = PBXBuildFile; fileRef = 6AEC385C2BD1C36E0070C261 /* ParkiUDLAPApp.swift */; };
		6AEC38612BD1C36F0070C261 /* Assets.xcassets in Resources */ = {isa = PBXBuildFile; fileRef = 6AEC38602BD1C36F0070C261 /* Assets.xcassets */; };
		6AEC38642BD1C36F0070C261 /* Preview Assets.xcassets in Resources */ = {isa = PBXBuildFile; fileRef = 6AEC38632BD1C36F0070C261 /* Preview Assets.xcassets */; };
		6AEC386E2BD1C36F0070C261 /* ParkiUDLAPTests.swift in Sources */ = {isa = PBXBuildFile; fileRef = 6AEC386D2BD1C36F0070C261 /* ParkiUDLAPTests.swift */; };
		6AEC38782BD1C36F0070C261 /* ParkiUDLAPUITests.swift in Sources */ = {isa = PBXBuildFile; fileRef = 6AEC38772BD1C36F0070C261 /* ParkiUDLAPUITests.swift */; };
		6AEC387A2BD1C36F0070C261 /* ParkiUDLAPUITestsLaunchTests.swift in Sources */ = {isa = PBXBuildFile; fileRef = 6AEC38792BD1C36F0070C261 /* ParkiUDLAPUITestsLaunchTests.swift */; };
/* End PBXBuildFile section */

/* Begin PBXContainerItemProxy section */
		6AEC386A2BD1C36F0070C261 /* PBXContainerItemProxy */ = {
			isa = PBXContainerItemProxy;
			containerPortal = 6AEC38512BD1C36E0070C261 /* Project object */;
			proxyType = 1;
			remoteGlobalIDString = 6AEC38582BD1C36E0070C261;
			remoteInfo = ParkiUDLAP;
		};
		6AEC38742BD1C36F0070C261 /* PBXContainerItemProxy */ = {
			isa = PBXContainerItemProxy;
			containerPortal = 6AEC38512BD1C36E0070C261 /* Project object */;
			proxyType = 1;
			remoteGlobalIDString = 6AEC38582BD1C36E0070C261;
			remoteInfo = ParkiUDLAP;
		};
/* End PBXContainerItemProxy section */

/* Begin PBXFileReference section */
		6A0DDEC12BD1C99800590D35 /* LogInView.swift */ = {isa = PBXFileReference; lastKnownFileType = sourcecode.swift; path = LogInView.swift; sourceTree = "<group>"; };
		6AEC38592BD1C36E0070C261 /* ParkiUDLAP.app */ = {isa = PBXFileReference; explicitFileType = wrapper.application; includeInIndex = 0; path = ParkiUDLAP.app; sourceTree = BUILT_PRODUCTS_DIR; };
		6AEC385C2BD1C36E0070C261 /* ParkiUDLAPApp.swift */ = {isa = PBXFileReference; lastKnownFileType = sourcecode.swift; path = ParkiUDLAPApp.swift; sourceTree = "<group>"; };
		6AEC38602BD1C36F0070C261 /* Assets.xcassets */ = {isa = PBXFileReference; lastKnownFileType = folder.assetcatalog; path = Assets.xcassets; sourceTree = "<group>"; };
		6AEC38632BD1C36F0070C261 /* Preview Assets.xcassets */ = {isa = PBXFileReference; lastKnownFileType = folder.assetcatalog; path = "Preview Assets.xcassets"; sourceTree = "<group>"; };
		6AEC38692BD1C36F0070C261 /* ParkiUDLAPTests.xctest */ = {isa = PBXFileReference; explicitFileType = wrapper.cfbundle; includeInIndex = 0; path = ParkiUDLAPTests.xctest; sourceTree = BUILT_PRODUCTS_DIR; };
		6AEC386D2BD1C36F0070C261 /* ParkiUDLAPTests.swift */ = {isa = PBXFileReference; lastKnownFileType = sourcecode.swift; path = ParkiUDLAPTests.swift; sourceTree = "<group>"; };
		6AEC38732BD1C36F0070C261 /* ParkiUDLAPUITests.xctest */ = {isa = PBXFileReference; explicitFileType = wrapper.cfbundle; includeInIndex = 0; path = ParkiUDLAPUITests.xctest; sourceTree = BUILT_PRODUCTS_DIR; };
		6AEC38772BD1C36F0070C261 /* ParkiUDLAPUITests.swift */ = {isa = PBXFileReference; lastKnownFileType = sourcecode.swift; path = ParkiUDLAPUITests.swift; sourceTree = "<group>"; };
		6AEC38792BD1C36F0070C261 /* ParkiUDLAPUITestsLaunchTests.swift */ = {isa = PBXFileReference; lastKnownFileType = sourcecode.swift; path = ParkiUDLAPUITestsLaunchTests.swift; sourceTree = "<group>"; };
/* End PBXFileReference section */

/* Begin PBXFrameworksBuildPhase section */
		6AEC38562BD1C36E0070C261 /* Frameworks */ = {
			isa = PBXFrameworksBuildPhase;
			buildActionMask = 2147483647;
			files = (
			);
			runOnlyForDeploymentPostprocessing = 0;
		};
		6AEC38662BD1C36F0070C261 /* Frameworks */ = {
			isa = PBXFrameworksBuildPhase;
			buildActionMask = 2147483647;
			files = (
			);
			runOnlyForDeploymentPostprocessing = 0;
		};
		6AEC38702BD1C36F0070C261 /* Frameworks */ = {
			isa = PBXFrameworksBuildPhase;
			buildActionMask = 2147483647;
			files = (
			);
			runOnlyForDeploymentPostprocessing = 0;
		};
/* End PBXFrameworksBuildPhase section */

/* Begin PBXGroup section */
		6A0DDEBC2BD1C93C00590D35 /* Views */ = {
			isa = PBXGroup;
			children = (
				6A0DDEC12BD1C99800590D35 /* LogInView.swift */,
			);
			path = Views;
			sourceTree = "<group>";
		};
		6A0DDEBD2BD1C94900590D35 /* Models */ = {
			isa = PBXGroup;
			children = (
			);
			path = Models;
			sourceTree = "<group>";
		};
		6A0DDEBE2BD1C94F00590D35 /* App */ = {
			isa = PBXGroup;
			children = (
				6AEC38602BD1C36F0070C261 /* Assets.xcassets */,
				6AEC385C2BD1C36E0070C261 /* ParkiUDLAPApp.swift */,
			);
			path = App;
			sourceTree = "<group>";
		};
		6AEC38502BD1C36E0070C261 = {
			isa = PBXGroup;
			children = (
				6AEC385B2BD1C36E0070C261 /* ParkiUDLAP */,
				6AEC386C2BD1C36F0070C261 /* ParkiUDLAPTests */,
				6AEC38762BD1C36F0070C261 /* ParkiUDLAPUITests */,
				6AEC385A2BD1C36E0070C261 /* Products */,
			);
			sourceTree = "<group>";
		};
		6AEC385A2BD1C36E0070C261 /* Products */ = {
			isa = PBXGroup;
			children = (
				6AEC38592BD1C36E0070C261 /* ParkiUDLAP.app */,
				6AEC38692BD1C36F0070C261 /* ParkiUDLAPTests.xctest */,
				6AEC38732BD1C36F0070C261 /* ParkiUDLAPUITests.xctest */,
			);
			name = Products;
			sourceTree = "<group>";
		};
		6AEC385B2BD1C36E0070C261 /* ParkiUDLAP */ = {
			isa = PBXGroup;
			children = (
				6A0DDEBE2BD1C94F00590D35 /* App */,
				6A0DDEBD2BD1C94900590D35 /* Models */,
				6A0DDEBC2BD1C93C00590D35 /* Views */,
				6AEC38622BD1C36F0070C261 /* Preview Content */,
			);
			path = ParkiUDLAP;
			sourceTree = "<group>";
		};
		6AEC38622BD1C36F0070C261 /* Preview Content */ = {
			isa = PBXGroup;
			children = (
				6AEC38632BD1C36F0070C261 /* Preview Assets.xcassets */,
			);
			path = "Preview Content";
			sourceTree = "<group>";
		};
		6AEC386C2BD1C36F0070C261 /* ParkiUDLAPTests */ = {
			isa = PBXGroup;
			children = (
				6AEC386D2BD1C36F0070C261 /* ParkiUDLAPTests.swift */,
			);
			path = ParkiUDLAPTests;
			sourceTree = "<group>";
		};
		6AEC38762BD1C36F0070C261 /* ParkiUDLAPUITests */ = {
			isa = PBXGroup;
			children = (
				6AEC38772BD1C36F0070C261 /* ParkiUDLAPUITests.swift */,
				6AEC38792BD1C36F0070C261 /* ParkiUDLAPUITestsLaunchTests.swift */,
			);
			path = ParkiUDLAPUITests;
			sourceTree = "<group>";
		};
/* End PBXGroup section */

/* Begin PBXNativeTarget section */
		6AEC38582BD1C36E0070C261 /* ParkiUDLAP */ = {
			isa = PBXNativeTarget;
			buildConfigurationList = 6AEC387D2BD1C36F0070C261 /* Build configuration list for PBXNativeTarget "ParkiUDLAP" */;
			buildPhases = (
				6AEC38552BD1C36E0070C261 /* Sources */,
				6AEC38562BD1C36E0070C261 /* Frameworks */,
				6AEC38572BD1C36E0070C261 /* Resources */,
			);
			buildRules = (
			);
			dependencies = (
			);
			name = ParkiUDLAP;
			productName = ParkiUDLAP;
			productReference = 6AEC38592BD1C36E0070C261 /* ParkiUDLAP.app */;
			productType = "com.apple.product-type.application";
		};
		6AEC38682BD1C36F0070C261 /* ParkiUDLAPTests */ = {
			isa = PBXNativeTarget;
			buildConfigurationList = 6AEC38802BD1C36F0070C261 /* Build configuration list for PBXNativeTarget "ParkiUDLAPTests" */;
			buildPhases = (
				6AEC38652BD1C36F0070C261 /* Sources */,
				6AEC38662BD1C36F0070C261 /* Frameworks */,
				6AEC38672BD1C36F0070C261 /* Resources */,
			);
			buildRules = (
			);
			dependencies = (
				6AEC386B2BD1C36F0070C261 /* PBXTargetDependency */,
			);
			name = ParkiUDLAPTests;
			productName = ParkiUDLAPTests;
			productReference = 6AEC38692BD1C36F0070C261 /* ParkiUDLAPTests.xctest */;
			productType = "com.apple.product-type.bundle.unit-test";
		};
		6AEC38722BD1C36F0070C261 /* ParkiUDLAPUITests */ = {
			isa = PBXNativeTarget;
			buildConfigurationList = 6AEC38832BD1C36F0070C261 /* Build configuration list for PBXNativeTarget "ParkiUDLAPUITests" */;
			buildPhases = (
				6AEC386F2BD1C36F0070C261 /* Sources */,
				6AEC38702BD1C36F0070C261 /* Frameworks */,
				6AEC38712BD1C36F0070C261 /* Resources */,
			);
			buildRules = (
			);
			dependencies = (
				6AEC38752BD1C36F0070C261 /* PBXTargetDependency */,
			);
			name = ParkiUDLAPUITests;
			productName = ParkiUDLAPUITests;
			productReference = 6AEC38732BD1C36F0070C261 /* ParkiUDLAPUITests.xctest */;
			productType = "com.apple.product-type.bundle.ui-testing";
		};
/* End PBXNativeTarget section */

/* Begin PBXProject section */
		6AEC38512BD1C36E0070C261 /* Project object */ = {
			isa = PBXProject;
			attributes = {
				BuildIndependentTargetsInParallel = 1;
				LastSwiftUpdateCheck = 1530;
				LastUpgradeCheck = 1530;
				TargetAttributes = {
					6AEC38582BD1C36E0070C261 = {
						CreatedOnToolsVersion = 15.3;
					};
					6AEC38682BD1C36F0070C261 = {
						CreatedOnToolsVersion = 15.3;
						TestTargetID = 6AEC38582BD1C36E0070C261;
					};
					6AEC38722BD1C36F0070C261 = {
						CreatedOnToolsVersion = 15.3;
						TestTargetID = 6AEC38582BD1C36E0070C261;
					};
				};
			};
			buildConfigurationList = 6AEC38542BD1C36E0070C261 /* Build configuration list for PBXProject "ParkiUDLAP" */;
			compatibilityVersion = "Xcode 14.0";
			developmentRegion = en;
			hasScannedForEncodings = 0;
			knownRegions = (
				en,
				Base,
			);
			mainGroup = 6AEC38502BD1C36E0070C261;
			productRefGroup = 6AEC385A2BD1C36E0070C261 /* Products */;
			projectDirPath = "";
			projectRoot = "";
			targets = (
				6AEC38582BD1C36E0070C261 /* ParkiUDLAP */,
				6AEC38682BD1C36F0070C261 /* ParkiUDLAPTests */,
				6AEC38722BD1C36F0070C261 /* ParkiUDLAPUITests */,
			);
		};
/* End PBXProject section */

/* Begin PBXResourcesBuildPhase section */
		6AEC38572BD1C36E0070C261 /* Resources */ = {
			isa = PBXResourcesBuildPhase;
			buildActionMask = 2147483647;
			files = (
				6AEC38642BD1C36F0070C261 /* Preview Assets.xcassets in Resources */,
				6AEC38612BD1C36F0070C261 /* Assets.xcassets in Resources */,
			);
			runOnlyForDeploymentPostprocessing = 0;
		};
		6AEC38672BD1C36F0070C261 /* Resources */ = {
			isa = PBXResourcesBuildPhase;
			buildActionMask = 2147483647;
			files = (
			);
			runOnlyForDeploymentPostprocessing = 0;
		};
		6AEC38712BD1C36F0070C261 /* Resources */ = {
			isa = PBXResourcesBuildPhase;
			buildActionMask = 2147483647;
			files = (
			);
			runOnlyForDeploymentPostprocessing = 0;
		};
/* End PBXResourcesBuildPhase section */

/* Begin PBXSourcesBuildPhase section */
		6AEC38552BD1C36E0070C261 /* Sources */ = {
			isa = PBXSourcesBuildPhase;
			buildActionMask = 2147483647;
			files = (
				6A0DDEC22BD1C99800590D35 /* LogInView.swift in Sources */,
				6AEC385D2BD1C36E0070C261 /* ParkiUDLAPApp.swift in Sources */,
			);
			runOnlyForDeploymentPostprocessing = 0;
		};
		6AEC38652BD1C36F0070C261 /* Sources */ = {
			isa = PBXSourcesBuildPhase;
			buildActionMask = 2147483647;
			files = (
				6AEC386E2BD1C36F0070C261 /* ParkiUDLAPTests.swift in Sources */,
			);
			runOnlyForDeploymentPostprocessing = 0;
		};
		6AEC386F2BD1C36F0070C261 /* Sources */ = {
			isa = PBXSourcesBuildPhase;
			buildActionMask = 2147483647;
			files = (
				6AEC38782BD1C36F0070C261 /* ParkiUDLAPUITests.swift in Sources */,
				6AEC387A2BD1C36F0070C261 /* ParkiUDLAPUITestsLaunchTests.swift in Sources */,
			);
			runOnlyForDeploymentPostprocessing = 0;
		};
/* End PBXSourcesBuildPhase section */

/* Begin PBXTargetDependency section */
		6AEC386B2BD1C36F0070C261 /* PBXTargetDependency */ = {
			isa = PBXTargetDependency;
			target = 6AEC38582BD1C36E0070C261 /* ParkiUDLAP */;
			targetProxy = 6AEC386A2BD1C36F0070C261 /* PBXContainerItemProxy */;
		};
		6AEC38752BD1C36F0070C261 /* PBXTargetDependency */ = {
			isa = PBXTargetDependency;
			target = 6AEC38582BD1C36E0070C261 /* ParkiUDLAP */;
			targetProxy = 6AEC38742BD1C36F0070C261 /* PBXContainerItemProxy */;
		};
/* End PBXTargetDependency section */

/* Begin XCBuildConfiguration section */
		6AEC387B2BD1C36F0070C261 /* Debug */ = {
			isa = XCBuildConfiguration;
			buildSettings = {
				ALWAYS_SEARCH_USER_PATHS = NO;
				ASSETCATALOG_COMPILER_GENERATE_SWIFT_ASSET_SYMBOL_EXTENSIONS = YES;
				CLANG_ANALYZER_NONNULL = YES;
				CLANG_ANALYZER_NUMBER_OBJECT_CONVERSION = YES_AGGRESSIVE;
				CLANG_CXX_LANGUAGE_STANDARD = "gnu++20";
				CLANG_ENABLE_MODULES = YES;
				CLANG_ENABLE_OBJC_ARC = YES;
				CLANG_ENABLE_OBJC_WEAK = YES;
				CLANG_WARN_BLOCK_CAPTURE_AUTORELEASING = YES;
				CLANG_WARN_BOOL_CONVERSION = YES;
				CLANG_WARN_COMMA = YES;
				CLANG_WARN_CONSTANT_CONVERSION = YES;
				CLANG_WARN_DEPRECATED_OBJC_IMPLEMENTATIONS = YES;
				CLANG_WARN_DIRECT_OBJC_ISA_USAGE = YES_ERROR;
				CLANG_WARN_DOCUMENTATION_COMMENTS = YES;
				CLANG_WARN_EMPTY_BODY = YES;
				CLANG_WARN_ENUM_CONVERSION = YES;
				CLANG_WARN_INFINITE_RECURSION = YES;
				CLANG_WARN_INT_CONVERSION = YES;
				CLANG_WARN_NON_LITERAL_NULL_CONVERSION = YES;
				CLANG_WARN_OBJC_IMPLICIT_RETAIN_SELF = YES;
				CLANG_WARN_OBJC_LITERAL_CONVERSION = YES;
				CLANG_WARN_OBJC_ROOT_CLASS = YES_ERROR;
				CLANG_WARN_QUOTED_INCLUDE_IN_FRAMEWORK_HEADER = YES;
				CLANG_WARN_RANGE_LOOP_ANALYSIS = YES;
				CLANG_WARN_STRICT_PROTOTYPES = YES;
				CLANG_WARN_SUSPICIOUS_MOVE = YES;
				CLANG_WARN_UNGUARDED_AVAILABILITY = YES_AGGRESSIVE;
				CLANG_WARN_UNREACHABLE_CODE = YES;
				CLANG_WARN__DUPLICATE_METHOD_MATCH = YES;
				COPY_PHASE_STRIP = NO;
				DEBUG_INFORMATION_FORMAT = dwarf;
				ENABLE_STRICT_OBJC_MSGSEND = YES;
				ENABLE_TESTABILITY = YES;
				ENABLE_USER_SCRIPT_SANDBOXING = YES;
				GCC_C_LANGUAGE_STANDARD = gnu17;
				GCC_DYNAMIC_NO_PIC = NO;
				GCC_NO_COMMON_BLOCKS = YES;
				GCC_OPTIMIZATION_LEVEL = 0;
				GCC_PREPROCESSOR_DEFINITIONS = (
					"DEBUG=1",
					"$(inherited)",
				);
				GCC_WARN_64_TO_32_BIT_CONVERSION = YES;
				GCC_WARN_ABOUT_RETURN_TYPE = YES_ERROR;
				GCC_WARN_UNDECLARED_SELECTOR = YES;
				GCC_WARN_UNINITIALIZED_AUTOS = YES_AGGRESSIVE;
				GCC_WARN_UNUSED_FUNCTION = YES;
				GCC_WARN_UNUSED_VARIABLE = YES;
				IPHONEOS_DEPLOYMENT_TARGET = 17.4;
				LOCALIZATION_PREFERS_STRING_CATALOGS = YES;
				MTL_ENABLE_DEBUG_INFO = INCLUDE_SOURCE;
				MTL_FAST_MATH = YES;
				ONLY_ACTIVE_ARCH = YES;
				SDKROOT = iphoneos;
				SWIFT_ACTIVE_COMPILATION_CONDITIONS = "DEBUG $(inherited)";
				SWIFT_OPTIMIZATION_LEVEL = "-Onone";
			};
			name = Debug;
		};
		6AEC387C2BD1C36F0070C261 /* Release */ = {
			isa = XCBuildConfiguration;
			buildSettings = {
				ALWAYS_SEARCH_USER_PATHS = NO;
				ASSETCATALOG_COMPILER_GENERATE_SWIFT_ASSET_SYMBOL_EXTENSIONS = YES;
				CLANG_ANALYZER_NONNULL = YES;
				CLANG_ANALYZER_NUMBER_OBJECT_CONVERSION = YES_AGGRESSIVE;
				CLANG_CXX_LANGUAGE_STANDARD = "gnu++20";
				CLANG_ENABLE_MODULES = YES;
				CLANG_ENABLE_OBJC_ARC = YES;
				CLANG_ENABLE_OBJC_WEAK = YES;
				CLANG_WARN_BLOCK_CAPTURE_AUTORELEASING = YES;
				CLANG_WARN_BOOL_CONVERSION = YES;
				CLANG_WARN_COMMA = YES;
				CLANG_WARN_CONSTANT_CONVERSION = YES;
				CLANG_WARN_DEPRECATED_OBJC_IMPLEMENTATIONS = YES;
				CLANG_WARN_DIRECT_OBJC_ISA_USAGE = YES_ERROR;
				CLANG_WARN_DOCUMENTATION_COMMENTS = YES;
				CLANG_WARN_EMPTY_BODY = YES;
				CLANG_WARN_ENUM_CONVERSION = YES;
				CLANG_WARN_INFINITE_RECURSION = YES;
				CLANG_WARN_INT_CONVERSION = YES;
				CLANG_WARN_NON_LITERAL_NULL_CONVERSION = YES;
				CLANG_WARN_OBJC_IMPLICIT_RETAIN_SELF = YES;
				CLANG_WARN_OBJC_LITERAL_CONVERSION = YES;
				CLANG_WARN_OBJC_ROOT_CLASS = YES_ERROR;
				CLANG_WARN_QUOTED_INCLUDE_IN_FRAMEWORK_HEADER = YES;
				CLANG_WARN_RANGE_LOOP_ANALYSIS = YES;
				CLANG_WARN_STRICT_PROTOTYPES = YES;
				CLANG_WARN_SUSPICIOUS_MOVE = YES;
				CLANG_WARN_UNGUARDED_AVAILABILITY = YES_AGGRESSIVE;
				CLANG_WARN_UNREACHABLE_CODE = YES;
				CLANG_WARN__DUPLICATE_METHOD_MATCH = YES;
				COPY_PHASE_STRIP = NO;
				DEBUG_INFORMATION_FORMAT = "dwarf-with-dsym";
				ENABLE_NS_ASSERTIONS = NO;
				ENABLE_STRICT_OBJC_MSGSEND = YES;
				ENABLE_USER_SCRIPT_SANDBOXING = YES;
				GCC_C_LANGUAGE_STANDARD = gnu17;
				GCC_NO_COMMON_BLOCKS = YES;
				GCC_WARN_64_TO_32_BIT_CONVERSION = YES;
				GCC_WARN_ABOUT_RETURN_TYPE = YES_ERROR;
				GCC_WARN_UNDECLARED_SELECTOR = YES;
				GCC_WARN_UNINITIALIZED_AUTOS = YES_AGGRESSIVE;
				GCC_WARN_UNUSED_FUNCTION = YES;
				GCC_WARN_UNUSED_VARIABLE = YES;
				IPHONEOS_DEPLOYMENT_TARGET = 17.4;
				LOCALIZATION_PREFERS_STRING_CATALOGS = YES;
				MTL_ENABLE_DEBUG_INFO = NO;
				MTL_FAST_MATH = YES;
				SDKROOT = iphoneos;
				SWIFT_COMPILATION_MODE = wholemodule;
				VALIDATE_PRODUCT = YES;
			};
			name = Release;
		};
		6AEC387E2BD1C36F0070C261 /* Debug */ = {
			isa = XCBuildConfiguration;
			buildSettings = {
				ASSETCATALOG_COMPILER_APPICON_NAME = AppIcon;
				ASSETCATALOG_COMPILER_GLOBAL_ACCENT_COLOR_NAME = AccentColor;
				CODE_SIGN_STYLE = Automatic;
				CURRENT_PROJECT_VERSION = 1;
				DEVELOPMENT_ASSET_PATHS = "\"ParkiUDLAP/Preview Content\"";
				DEVELOPMENT_TEAM = FUYK7GH98V;
				ENABLE_PREVIEWS = YES;
				GENERATE_INFOPLIST_FILE = YES;
				INFOPLIST_KEY_UIApplicationSceneManifest_Generation = YES;
				INFOPLIST_KEY_UIApplicationSupportsIndirectInputEvents = YES;
				INFOPLIST_KEY_UILaunchScreen_Generation = YES;
				INFOPLIST_KEY_UISupportedInterfaceOrientations_iPad = "UIInterfaceOrientationPortrait UIInterfaceOrientationPortraitUpsideDown UIInterfaceOrientationLandscapeLeft UIInterfaceOrientationLandscapeRight";
				INFOPLIST_KEY_UISupportedInterfaceOrientations_iPhone = "UIInterfaceOrientationPortrait UIInterfaceOrientationLandscapeLeft UIInterfaceOrientationLandscapeRight";
				LD_RUNPATH_SEARCH_PATHS = (
					"$(inherited)",
					"@executable_path/Frameworks",
				);
				MARKETING_VERSION = 1.0;
				PRODUCT_BUNDLE_IDENTIFIER = "Aldo-Serrano-UDLAP.ParkiUDLAP";
				PRODUCT_NAME = "$(TARGET_NAME)";
				SWIFT_EMIT_LOC_STRINGS = YES;
				SWIFT_VERSION = 5.0;
				TARGETED_DEVICE_FAMILY = "1,2";
			};
			name = Debug;
		};
		6AEC387F2BD1C36F0070C261 /* Release */ = {
			isa = XCBuildConfiguration;
			buildSettings = {
				ASSETCATALOG_COMPILER_APPICON_NAME = AppIcon;
				ASSETCATALOG_COMPILER_GLOBAL_ACCENT_COLOR_NAME = AccentColor;
				CODE_SIGN_STYLE = Automatic;
				CURRENT_PROJECT_VERSION = 1;
				DEVELOPMENT_ASSET_PATHS = "\"ParkiUDLAP/Preview Content\"";
				DEVELOPMENT_TEAM = FUYK7GH98V;
				ENABLE_PREVIEWS = YES;
				GENERATE_INFOPLIST_FILE = YES;
				INFOPLIST_KEY_UIApplicationSceneManifest_Generation = YES;
				INFOPLIST_KEY_UIApplicationSupportsIndirectInputEvents = YES;
				INFOPLIST_KEY_UILaunchScreen_Generation = YES;
				INFOPLIST_KEY_UISupportedInterfaceOrientations_iPad = "UIInterfaceOrientationPortrait UIInterfaceOrientationPortraitUpsideDown UIInterfaceOrientationLandscapeLeft UIInterfaceOrientationLandscapeRight";
				INFOPLIST_KEY_UISupportedInterfaceOrientations_iPhone = "UIInterfaceOrientationPortrait UIInterfaceOrientationLandscapeLeft UIInterfaceOrientationLandscapeRight";
				LD_RUNPATH_SEARCH_PATHS = (
					"$(inherited)",
					"@executable_path/Frameworks",
				);
				MARKETING_VERSION = 1.0;
				PRODUCT_BUNDLE_IDENTIFIER = "Aldo-Serrano-UDLAP.ParkiUDLAP";
				PRODUCT_NAME = "$(TARGET_NAME)";
				SWIFT_EMIT_LOC_STRINGS = YES;
				SWIFT_VERSION = 5.0;
				TARGETED_DEVICE_FAMILY = "1,2";
			};
			name = Release;
		};
		6AEC38812BD1C36F0070C261 /* Debug */ = {
			isa = XCBuildConfiguration;
			buildSettings = {
				ALWAYS_EMBED_SWIFT_STANDARD_LIBRARIES = YES;
				BUNDLE_LOADER = "$(TEST_HOST)";
				CODE_SIGN_STYLE = Automatic;
				CURRENT_PROJECT_VERSION = 1;
				DEVELOPMENT_TEAM = FUYK7GH98V;
				GENERATE_INFOPLIST_FILE = YES;
				IPHONEOS_DEPLOYMENT_TARGET = 17.4;
				MARKETING_VERSION = 1.0;
				PRODUCT_BUNDLE_IDENTIFIER = "Aldo-Serrano-UDLAP.ParkiUDLAPTests";
				PRODUCT_NAME = "$(TARGET_NAME)";
				SWIFT_EMIT_LOC_STRINGS = NO;
				SWIFT_VERSION = 5.0;
				TARGETED_DEVICE_FAMILY = "1,2";
				TEST_HOST = "$(BUILT_PRODUCTS_DIR)/ParkiUDLAP.app/$(BUNDLE_EXECUTABLE_FOLDER_PATH)/ParkiUDLAP";
			};
			name = Debug;
		};
		6AEC38822BD1C36F0070C261 /* Release */ = {
			isa = XCBuildConfiguration;
			buildSettings = {
				ALWAYS_EMBED_SWIFT_STANDARD_LIBRARIES = YES;
				BUNDLE_LOADER = "$(TEST_HOST)";
				CODE_SIGN_STYLE = Automatic;
				CURRENT_PROJECT_VERSION = 1;
				DEVELOPMENT_TEAM = FUYK7GH98V;
				GENERATE_INFOPLIST_FILE = YES;
				IPHONEOS_DEPLOYMENT_TARGET = 17.4;
				MARKETING_VERSION = 1.0;
				PRODUCT_BUNDLE_IDENTIFIER = "Aldo-Serrano-UDLAP.ParkiUDLAPTests";
				PRODUCT_NAME = "$(TARGET_NAME)";
				SWIFT_EMIT_LOC_STRINGS = NO;
				SWIFT_VERSION = 5.0;
				TARGETED_DEVICE_FAMILY = "1,2";
				TEST_HOST = "$(BUILT_PRODUCTS_DIR)/ParkiUDLAP.app/$(BUNDLE_EXECUTABLE_FOLDER_PATH)/ParkiUDLAP";
			};
			name = Release;
		};
		6AEC38842BD1C36F0070C261 /* Debug */ = {
			isa = XCBuildConfiguration;
			buildSettings = {
				ALWAYS_EMBED_SWIFT_STANDARD_LIBRARIES = YES;
				CODE_SIGN_STYLE = Automatic;
				CURRENT_PROJECT_VERSION = 1;
				DEVELOPMENT_TEAM = FUYK7GH98V;
				GENERATE_INFOPLIST_FILE = YES;
				MARKETING_VERSION = 1.0;
				PRODUCT_BUNDLE_IDENTIFIER = "Aldo-Serrano-UDLAP.ParkiUDLAPUITests";
				PRODUCT_NAME = "$(TARGET_NAME)";
				SWIFT_EMIT_LOC_STRINGS = NO;
				SWIFT_VERSION = 5.0;
				TARGETED_DEVICE_FAMILY = "1,2";
				TEST_TARGET_NAME = ParkiUDLAP;
			};
			name = Debug;
		};
		6AEC38852BD1C36F0070C261 /* Release */ = {
			isa = XCBuildConfiguration;
			buildSettings = {
				ALWAYS_EMBED_SWIFT_STANDARD_LIBRARIES = YES;
				CODE_SIGN_STYLE = Automatic;
				CURRENT_PROJECT_VERSION = 1;
				DEVELOPMENT_TEAM = FUYK7GH98V;
				GENERATE_INFOPLIST_FILE = YES;
				MARKETING_VERSION = 1.0;
				PRODUCT_BUNDLE_IDENTIFIER = "Aldo-Serrano-UDLAP.ParkiUDLAPUITests";
				PRODUCT_NAME = "$(TARGET_NAME)";
				SWIFT_EMIT_LOC_STRINGS = NO;
				SWIFT_VERSION = 5.0;
				TARGETED_DEVICE_FAMILY = "1,2";
				TEST_TARGET_NAME = ParkiUDLAP;
			};
			name = Release;
		};
/* End XCBuildConfiguration section */

/* Begin XCConfigurationList section */
		6AEC38542BD1C36E0070C261 /* Build configuration list for PBXProject "ParkiUDLAP" */ = {
			isa = XCConfigurationList;
			buildConfigurations = (
				6AEC387B2BD1C36F0070C261 /* Debug */,
				6AEC387C2BD1C36F0070C261 /* Release */,
			);
			defaultConfigurationIsVisible = 0;
			defaultConfigurationName = Release;
		};
		6AEC387D2BD1C36F0070C261 /* Build configuration list for PBXNativeTarget "ParkiUDLAP" */ = {
			isa = XCConfigurationList;
			buildConfigurations = (
				6AEC387E2BD1C36F0070C261 /* Debug */,
				6AEC387F2BD1C36F0070C261 /* Release */,
			);
			defaultConfigurationIsVisible = 0;
			defaultConfigurationName = Release;
		};
		6AEC38802BD1C36F0070C261 /* Build configuration list for PBXNativeTarget "ParkiUDLAPTests" */ = {
			isa = XCConfigurationList;
			buildConfigurations = (
				6AEC38812BD1C36F0070C261 /* Debug */,
				6AEC38822BD1C36F0070C261 /* Release */,
			);
			defaultConfigurationIsVisible = 0;
			defaultConfigurationName = Release;
		};
		6AEC38832BD1C36F0070C261 /* Build configuration list for PBXNativeTarget "ParkiUDLAPUITests" */ = {
			isa = XCConfigurationList;
			buildConfigurations = (
				6AEC38842BD1C36F0070C261 /* Debug */,
				6AEC38852BD1C36F0070C261 /* Release */,
			);
			defaultConfigurationIsVisible = 0;
			defaultConfigurationName = Release;
		};
/* End XCConfigurationList section */
	};
	rootObject = 6AEC38512BD1C36E0070C261 /* Project object */;
}
